// !$*UTF8*$!
{
	archiveVersion = 1;
	classes = {
	};
	objectVersion = 56;
	objects = {

/* Begin PBXBuildFile section */
		195AD4C7292CFF9D007B3EC0 /* AppDelegate.swift in Sources */ = {isa = PBXBuildFile; fileRef = 195AD4C6292CFF9D007B3EC0 /* AppDelegate.swift */; };
		195AD4C9292CFF9D007B3EC0 /* SceneDelegate.swift in Sources */ = {isa = PBXBuildFile; fileRef = 195AD4C8292CFF9D007B3EC0 /* SceneDelegate.swift */; };
		195AD4CB292CFF9D007B3EC0 /* ViewController.swift in Sources */ = {isa = PBXBuildFile; fileRef = 195AD4CA292CFF9D007B3EC0 /* ViewController.swift */; };
		195AD4CE292CFF9D007B3EC0 /* Main.storyboard in Resources */ = {isa = PBXBuildFile; fileRef = 195AD4CC292CFF9D007B3EC0 /* Main.storyboard */; };
		195AD4D1292CFF9D007B3EC0 /* Circulando.xcdatamodeld in Sources */ = {isa = PBXBuildFile; fileRef = 195AD4CF292CFF9D007B3EC0 /* Circulando.xcdatamodeld */; };
		195AD4D3292CFF9F007B3EC0 /* Assets.xcassets in Resources */ = {isa = PBXBuildFile; fileRef = 195AD4D2292CFF9F007B3EC0 /* Assets.xcassets */; };
		195AD4D6292CFF9F007B3EC0 /* LaunchScreen.storyboard in Resources */ = {isa = PBXBuildFile; fileRef = 195AD4D4292CFF9F007B3EC0 /* LaunchScreen.storyboard */; };
		195AD4E1292CFFA0007B3EC0 /* CirculandoTests.swift in Sources */ = {isa = PBXBuildFile; fileRef = 195AD4E0292CFFA0007B3EC0 /* CirculandoTests.swift */; };
		195AD4EB292CFFA0007B3EC0 /* CirculandoUITests.swift in Sources */ = {isa = PBXBuildFile; fileRef = 195AD4EA292CFFA0007B3EC0 /* CirculandoUITests.swift */; };
		195AD4ED292CFFA0007B3EC0 /* CirculandoUITestsLaunchTests.swift in Sources */ = {isa = PBXBuildFile; fileRef = 195AD4EC292CFFA0007B3EC0 /* CirculandoUITestsLaunchTests.swift */; };
/* End PBXBuildFile section */

/* Begin PBXContainerItemProxy section */
		195AD4DD292CFFA0007B3EC0 /* PBXContainerItemProxy */ = {
			isa = PBXContainerItemProxy;
			containerPortal = 195AD4BB292CFF9D007B3EC0 /* Project object */;
			proxyType = 1;
			remoteGlobalIDString = 195AD4C2292CFF9D007B3EC0;
			remoteInfo = Circulando;
		};
		195AD4E7292CFFA0007B3EC0 /* PBXContainerItemProxy */ = {
			isa = PBXContainerItemProxy;
			containerPortal = 195AD4BB292CFF9D007B3EC0 /* Project object */;
			proxyType = 1;
			remoteGlobalIDString = 195AD4C2292CFF9D007B3EC0;
			remoteInfo = Circulando;
		};
/* End PBXContainerItemProxy section */

/* Begin PBXFileReference section */
		195AD4C3292CFF9D007B3EC0 /* Circulando.app */ = {isa = PBXFileReference; explicitFileType = wrapper.application; includeInIndex = 0; path = Circulando.app; sourceTree = BUILT_PRODUCTS_DIR; };
		195AD4C6292CFF9D007B3EC0 /* AppDelegate.swift */ = {isa = PBXFileReference; lastKnownFileType = sourcecode.swift; path = AppDelegate.swift; sourceTree = "<group>"; };
		195AD4C8292CFF9D007B3EC0 /* SceneDelegate.swift */ = {isa = PBXFileReference; lastKnownFileType = sourcecode.swift; path = SceneDelegate.swift; sourceTree = "<group>"; };
		195AD4CA292CFF9D007B3EC0 /* ViewController.swift */ = {isa = PBXFileReference; lastKnownFileType = sourcecode.swift; path = ViewController.swift; sourceTree = "<group>"; };
		195AD4CD292CFF9D007B3EC0 /* Base */ = {isa = PBXFileReference; lastKnownFileType = file.storyboard; name = Base; path = Base.lproj/Main.storyboard; sourceTree = "<group>"; };
		195AD4D0292CFF9D007B3EC0 /* Circulando.xcdatamodel */ = {isa = PBXFileReference; lastKnownFileType = wrapper.xcdatamodel; path = Circulando.xcdatamodel; sourceTree = "<group>"; };
		195AD4D2292CFF9F007B3EC0 /* Assets.xcassets */ = {isa = PBXFileReference; lastKnownFileType = folder.assetcatalog; path = Assets.xcassets; sourceTree = "<group>"; };
		195AD4D5292CFF9F007B3EC0 /* Base */ = {isa = PBXFileReference; lastKnownFileType = file.storyboard; name = Base; path = Base.lproj/LaunchScreen.storyboard; sourceTree = "<group>"; };
		195AD4D7292CFF9F007B3EC0 /* Info.plist */ = {isa = PBXFileReference; lastKnownFileType = text.plist.xml; path = Info.plist; sourceTree = "<group>"; };
		195AD4DC292CFFA0007B3EC0 /* CirculandoTests.xctest */ = {isa = PBXFileReference; explicitFileType = wrapper.cfbundle; includeInIndex = 0; path = CirculandoTests.xctest; sourceTree = BUILT_PRODUCTS_DIR; };
		195AD4E0292CFFA0007B3EC0 /* CirculandoTests.swift */ = {isa = PBXFileReference; lastKnownFileType = sourcecode.swift; path = CirculandoTests.swift; sourceTree = "<group>"; };
		195AD4E6292CFFA0007B3EC0 /* CirculandoUITests.xctest */ = {isa = PBXFileReference; explicitFileType = wrapper.cfbundle; includeInIndex = 0; path = CirculandoUITests.xctest; sourceTree = BUILT_PRODUCTS_DIR; };
		195AD4EA292CFFA0007B3EC0 /* CirculandoUITests.swift */ = {isa = PBXFileReference; lastKnownFileType = sourcecode.swift; path = CirculandoUITests.swift; sourceTree = "<group>"; };
		195AD4EC292CFFA0007B3EC0 /* CirculandoUITestsLaunchTests.swift */ = {isa = PBXFileReference; lastKnownFileType = sourcecode.swift; path = CirculandoUITestsLaunchTests.swift; sourceTree = "<group>"; };
/* End PBXFileReference section */

/* Begin PBXFrameworksBuildPhase section */
		195AD4C0292CFF9D007B3EC0 /* Frameworks */ = {
			isa = PBXFrameworksBuildPhase;
			buildActionMask = 2147483647;
			files = (
			);
			runOnlyForDeploymentPostprocessing = 0;
		};
		195AD4D9292CFFA0007B3EC0 /* Frameworks */ = {
			isa = PBXFrameworksBuildPhase;
			buildActionMask = 2147483647;
			files = (
			);
			runOnlyForDeploymentPostprocessing = 0;
		};
		195AD4E3292CFFA0007B3EC0 /* Frameworks */ = {
			isa = PBXFrameworksBuildPhase;
			buildActionMask = 2147483647;
			files = (
			);
			runOnlyForDeploymentPostprocessing = 0;
		};
/* End PBXFrameworksBuildPhase section */

/* Begin PBXGroup section */
		195AD4BA292CFF9D007B3EC0 = {
			isa = PBXGroup;
			children = (
				195AD4C5292CFF9D007B3EC0 /* Circulando */,
				195AD4DF292CFFA0007B3EC0 /* CirculandoTests */,
				195AD4E9292CFFA0007B3EC0 /* CirculandoUITests */,
				195AD4C4292CFF9D007B3EC0 /* Products */,
			);
			sourceTree = "<group>";
		};
		195AD4C4292CFF9D007B3EC0 /* Products */ = {
			isa = PBXGroup;
			children = (
				195AD4C3292CFF9D007B3EC0 /* Circulando.app */,
				195AD4DC292CFFA0007B3EC0 /* CirculandoTests.xctest */,
				195AD4E6292CFFA0007B3EC0 /* CirculandoUITests.xctest */,
			);
			name = Products;
			sourceTree = "<group>";
		};
		195AD4C5292CFF9D007B3EC0 /* Circulando */ = {
			isa = PBXGroup;
			children = (
				195AD4C6292CFF9D007B3EC0 /* AppDelegate.swift */,
				195AD4C8292CFF9D007B3EC0 /* SceneDelegate.swift */,
				195AD4CA292CFF9D007B3EC0 /* ViewController.swift */,
				195AD4CC292CFF9D007B3EC0 /* Main.storyboard */,
				195AD4D2292CFF9F007B3EC0 /* Assets.xcassets */,
				195AD4D4292CFF9F007B3EC0 /* LaunchScreen.storyboard */,
				195AD4D7292CFF9F007B3EC0 /* Info.plist */,
				195AD4CF292CFF9D007B3EC0 /* Circulando.xcdatamodeld */,
			);
			path = Circulando;
			sourceTree = "<group>";
		};
		195AD4DF292CFFA0007B3EC0 /* CirculandoTests */ = {
			isa = PBXGroup;
			children = (
				195AD4E0292CFFA0007B3EC0 /* CirculandoTests.swift */,
			);
			path = CirculandoTests;
			sourceTree = "<group>";
		};
		195AD4E9292CFFA0007B3EC0 /* CirculandoUITests */ = {
			isa = PBXGroup;
			children = (
				195AD4EA292CFFA0007B3EC0 /* CirculandoUITests.swift */,
				195AD4EC292CFFA0007B3EC0 /* CirculandoUITestsLaunchTests.swift */,
			);
			path = CirculandoUITests;
			sourceTree = "<group>";
		};
/* End PBXGroup section */

/* Begin PBXNativeTarget section */
		195AD4C2292CFF9D007B3EC0 /* Circulando */ = {
			isa = PBXNativeTarget;
			buildConfigurationList = 195AD4F0292CFFA0007B3EC0 /* Build configuration list for PBXNativeTarget "Circulando" */;
			buildPhases = (
				195AD4BF292CFF9D007B3EC0 /* Sources */,
				195AD4C0292CFF9D007B3EC0 /* Frameworks */,
				195AD4C1292CFF9D007B3EC0 /* Resources */,
			);
			buildRules = (
			);
			dependencies = (
			);
			name = Circulando;
			productName = Circulando;
			productReference = 195AD4C3292CFF9D007B3EC0 /* Circulando.app */;
			productType = "com.apple.product-type.application";
		};
		195AD4DB292CFFA0007B3EC0 /* CirculandoTests */ = {
			isa = PBXNativeTarget;
			buildConfigurationList = 195AD4F3292CFFA0007B3EC0 /* Build configuration list for PBXNativeTarget "CirculandoTests" */;
			buildPhases = (
				195AD4D8292CFFA0007B3EC0 /* Sources */,
				195AD4D9292CFFA0007B3EC0 /* Frameworks */,
				195AD4DA292CFFA0007B3EC0 /* Resources */,
			);
			buildRules = (
			);
			dependencies = (
				195AD4DE292CFFA0007B3EC0 /* PBXTargetDependency */,
			);
			name = CirculandoTests;
			productName = CirculandoTests;
			productReference = 195AD4DC292CFFA0007B3EC0 /* CirculandoTests.xctest */;
			productType = "com.apple.product-type.bundle.unit-test";
		};
		195AD4E5292CFFA0007B3EC0 /* CirculandoUITests */ = {
			isa = PBXNativeTarget;
			buildConfigurationList = 195AD4F6292CFFA0007B3EC0 /* Build configuration list for PBXNativeTarget "CirculandoUITests" */;
			buildPhases = (
				195AD4E2292CFFA0007B3EC0 /* Sources */,
				195AD4E3292CFFA0007B3EC0 /* Frameworks */,
				195AD4E4292CFFA0007B3EC0 /* Resources */,
			);
			buildRules = (
			);
			dependencies = (
				195AD4E8292CFFA0007B3EC0 /* PBXTargetDependency */,
			);
			name = CirculandoUITests;
			productName = CirculandoUITests;
			productReference = 195AD4E6292CFFA0007B3EC0 /* CirculandoUITests.xctest */;
			productType = "com.apple.product-type.bundle.ui-testing";
		};
/* End PBXNativeTarget section */

/* Begin PBXProject section */
		195AD4BB292CFF9D007B3EC0 /* Project object */ = {
			isa = PBXProject;
			attributes = {
				BuildIndependentTargetsInParallel = 1;
				LastSwiftUpdateCheck = 1400;
				LastUpgradeCheck = 1400;
				TargetAttributes = {
					195AD4C2292CFF9D007B3EC0 = {
						CreatedOnToolsVersion = 14.0.1;
					};
					195AD4DB292CFFA0007B3EC0 = {
						CreatedOnToolsVersion = 14.0.1;
						TestTargetID = 195AD4C2292CFF9D007B3EC0;
					};
					195AD4E5292CFFA0007B3EC0 = {
						CreatedOnToolsVersion = 14.0.1;
						TestTargetID = 195AD4C2292CFF9D007B3EC0;
					};
				};
			};
			buildConfigurationList = 195AD4BE292CFF9D007B3EC0 /* Build configuration list for PBXProject "Circulando" */;
			compatibilityVersion = "Xcode 14.0";
			developmentRegion = en;
			hasScannedForEncodings = 0;
			knownRegions = (
				en,
				Base,
			);
			mainGroup = 195AD4BA292CFF9D007B3EC0;
			productRefGroup = 195AD4C4292CFF9D007B3EC0 /* Products */;
			projectDirPath = "";
			projectRoot = "";
			targets = (
				195AD4C2292CFF9D007B3EC0 /* Circulando */,
				195AD4DB292CFFA0007B3EC0 /* CirculandoTests */,
				195AD4E5292CFFA0007B3EC0 /* CirculandoUITests */,
			);
		};
/* End PBXProject section */

/* Begin PBXResourcesBuildPhase section */
		195AD4C1292CFF9D007B3EC0 /* Resources */ = {
			isa = PBXResourcesBuildPhase;
			buildActionMask = 2147483647;
			files = (
				195AD4D6292CFF9F007B3EC0 /* LaunchScreen.storyboard in Resources */,
				195AD4D3292CFF9F007B3EC0 /* Assets.xcassets in Resources */,
				195AD4CE292CFF9D007B3EC0 /* Main.storyboard in Resources */,
			);
			runOnlyForDeploymentPostprocessing = 0;
		};
		195AD4DA292CFFA0007B3EC0 /* Resources */ = {
			isa = PBXResourcesBuildPhase;
			buildActionMask = 2147483647;
			files = (
			);
			runOnlyForDeploymentPostprocessing = 0;
		};
		195AD4E4292CFFA0007B3EC0 /* Resources */ = {
			isa = PBXResourcesBuildPhase;
			buildActionMask = 2147483647;
			files = (
			);
			runOnlyForDeploymentPostprocessing = 0;
		};
/* End PBXResourcesBuildPhase section */

/* Begin PBXSourcesBuildPhase section */
		195AD4BF292CFF9D007B3EC0 /* Sources */ = {
			isa = PBXSourcesBuildPhase;
			buildActionMask = 2147483647;
			files = (
				195AD4CB292CFF9D007B3EC0 /* ViewController.swift in Sources */,
				195AD4C7292CFF9D007B3EC0 /* AppDelegate.swift in Sources */,
				195AD4C9292CFF9D007B3EC0 /* SceneDelegate.swift in Sources */,
				195AD4D1292CFF9D007B3EC0 /* Circulando.xcdatamodeld in Sources */,
			);
			runOnlyForDeploymentPostprocessing = 0;
		};
		195AD4D8292CFFA0007B3EC0 /* Sources */ = {
			isa = PBXSourcesBuildPhase;
			buildActionMask = 2147483647;
			files = (
				195AD4E1292CFFA0007B3EC0 /* CirculandoTests.swift in Sources */,
			);
			runOnlyForDeploymentPostprocessing = 0;
		};
		195AD4E2292CFFA0007B3EC0 /* Sources */ = {
			isa = PBXSourcesBuildPhase;
			buildActionMask = 2147483647;
			files = (
				195AD4ED292CFFA0007B3EC0 /* CirculandoUITestsLaunchTests.swift in Sources */,
				195AD4EB292CFFA0007B3EC0 /* CirculandoUITests.swift in Sources */,
			);
			runOnlyForDeploymentPostprocessing = 0;
		};
/* End PBXSourcesBuildPhase section */

/* Begin PBXTargetDependency section */
		195AD4DE292CFFA0007B3EC0 /* PBXTargetDependency */ = {
			isa = PBXTargetDependency;
			target = 195AD4C2292CFF9D007B3EC0 /* Circulando */;
			targetProxy = 195AD4DD292CFFA0007B3EC0 /* PBXContainerItemProxy */;
		};
		195AD4E8292CFFA0007B3EC0 /* PBXTargetDependency */ = {
			isa = PBXTargetDependency;
			target = 195AD4C2292CFF9D007B3EC0 /* Circulando */;
			targetProxy = 195AD4E7292CFFA0007B3EC0 /* PBXContainerItemProxy */;
		};
/* End PBXTargetDependency section */

/* Begin PBXVariantGroup section */
		195AD4CC292CFF9D007B3EC0 /* Main.storyboard */ = {
			isa = PBXVariantGroup;
			children = (
				195AD4CD292CFF9D007B3EC0 /* Base */,
			);
			name = Main.storyboard;
			sourceTree = "<group>";
		};
		195AD4D4292CFF9F007B3EC0 /* LaunchScreen.storyboard */ = {
			isa = PBXVariantGroup;
			children = (
				195AD4D5292CFF9F007B3EC0 /* Base */,
			);
			name = LaunchScreen.storyboard;
			sourceTree = "<group>";
		};
/* End PBXVariantGroup section */

/* Begin XCBuildConfiguration section */
		195AD4EE292CFFA0007B3EC0 /* Debug */ = {
			isa = XCBuildConfiguration;
			buildSettings = {
				ALWAYS_SEARCH_USER_PATHS = NO;
				CLANG_ANALYZER_NONNULL = YES;
				CLANG_ANALYZER_NUMBER_OBJECT_CONVERSION = YES_AGGRESSIVE;
				CLANG_CXX_LANGUAGE_STANDARD = "gnu++20";
				CLANG_ENABLE_MODULES = YES;
				CLANG_ENABLE_OBJC_ARC = YES;
				CLANG_ENABLE_OBJC_WEAK = YES;
				CLANG_WARN_BLOCK_CAPTURE_AUTORELEASING = YES;
				CLANG_WARN_BOOL_CONVERSION = YES;
				CLANG_WARN_COMMA = YES;
				CLANG_WARN_CONSTANT_CONVERSION = YES;
				CLANG_WARN_DEPRECATED_OBJC_IMPLEMENTATIONS = YES;
				CLANG_WARN_DIRECT_OBJC_ISA_USAGE = YES_ERROR;
				CLANG_WARN_DOCUMENTATION_COMMENTS = YES;
				CLANG_WARN_EMPTY_BODY = YES;
				CLANG_WARN_ENUM_CONVERSION = YES;
				CLANG_WARN_INFINITE_RECURSION = YES;
				CLANG_WARN_INT_CONVERSION = YES;
				CLANG_WARN_NON_LITERAL_NULL_CONVERSION = YES;
				CLANG_WARN_OBJC_IMPLICIT_RETAIN_SELF = YES;
				CLANG_WARN_OBJC_LITERAL_CONVERSION = YES;
				CLANG_WARN_OBJC_ROOT_CLASS = YES_ERROR;
				CLANG_WARN_QUOTED_INCLUDE_IN_FRAMEWORK_HEADER = YES;
				CLANG_WARN_RANGE_LOOP_ANALYSIS = YES;
				CLANG_WARN_STRICT_PROTOTYPES = YES;
				CLANG_WARN_SUSPICIOUS_MOVE = YES;
				CLANG_WARN_UNGUARDED_AVAILABILITY = YES_AGGRESSIVE;
				CLANG_WARN_UNREACHABLE_CODE = YES;
				CLANG_WARN__DUPLICATE_METHOD_MATCH = YES;
				COPY_PHASE_STRIP = NO;
				DEBUG_INFORMATION_FORMAT = dwarf;
				ENABLE_STRICT_OBJC_MSGSEND = YES;
				ENABLE_TESTABILITY = YES;
				GCC_C_LANGUAGE_STANDARD = gnu11;
				GCC_DYNAMIC_NO_PIC = NO;
				GCC_NO_COMMON_BLOCKS = YES;
				GCC_OPTIMIZATION_LEVEL = 0;
				GCC_PREPROCESSOR_DEFINITIONS = (
					"DEBUG=1",
					"$(inherited)",
				);
				GCC_WARN_64_TO_32_BIT_CONVERSION = YES;
				GCC_WARN_ABOUT_RETURN_TYPE = YES_ERROR;
				GCC_WARN_UNDECLARED_SELECTOR = YES;
				GCC_WARN_UNINITIALIZED_AUTOS = YES_AGGRESSIVE;
				GCC_WARN_UNUSED_FUNCTION = YES;
				GCC_WARN_UNUSED_VARIABLE = YES;
				IPHONEOS_DEPLOYMENT_TARGET = 16.0;
				MTL_ENABLE_DEBUG_INFO = INCLUDE_SOURCE;
				MTL_FAST_MATH = YES;
				ONLY_ACTIVE_ARCH = YES;
				SDKROOT = iphoneos;
				SWIFT_ACTIVE_COMPILATION_CONDITIONS = DEBUG;
				SWIFT_OPTIMIZATION_LEVEL = "-Onone";
			};
			name = Debug;
		};
		195AD4EF292CFFA0007B3EC0 /* Release */ = {
			isa = XCBuildConfiguration;
			buildSettings = {
				ALWAYS_SEARCH_USER_PATHS = NO;
				CLANG_ANALYZER_NONNULL = YES;
				CLANG_ANALYZER_NUMBER_OBJECT_CONVERSION = YES_AGGRESSIVE;
				CLANG_CXX_LANGUAGE_STANDARD = "gnu++20";
				CLANG_ENABLE_MODULES = YES;
				CLANG_ENABLE_OBJC_ARC = YES;
				CLANG_ENABLE_OBJC_WEAK = YES;
				CLANG_WARN_BLOCK_CAPTURE_AUTORELEASING = YES;
				CLANG_WARN_BOOL_CONVERSION = YES;
				CLANG_WARN_COMMA = YES;
				CLANG_WARN_CONSTANT_CONVERSION = YES;
				CLANG_WARN_DEPRECATED_OBJC_IMPLEMENTATIONS = YES;
				CLANG_WARN_DIRECT_OBJC_ISA_USAGE = YES_ERROR;
				CLANG_WARN_DOCUMENTATION_COMMENTS = YES;
				CLANG_WARN_EMPTY_BODY = YES;
				CLANG_WARN_ENUM_CONVERSION = YES;
				CLANG_WARN_INFINITE_RECURSION = YES;
				CLANG_WARN_INT_CONVERSION = YES;
				CLANG_WARN_NON_LITERAL_NULL_CONVERSION = YES;
				CLANG_WARN_OBJC_IMPLICIT_RETAIN_SELF = YES;
				CLANG_WARN_OBJC_LITERAL_CONVERSION = YES;
				CLANG_WARN_OBJC_ROOT_CLASS = YES_ERROR;
				CLANG_WARN_QUOTED_INCLUDE_IN_FRAMEWORK_HEADER = YES;
				CLANG_WARN_RANGE_LOOP_ANALYSIS = YES;
				CLANG_WARN_STRICT_PROTOTYPES = YES;
				CLANG_WARN_SUSPICIOUS_MOVE = YES;
				CLANG_WARN_UNGUARDED_AVAILABILITY = YES_AGGRESSIVE;
				CLANG_WARN_UNREACHABLE_CODE = YES;
				CLANG_WARN__DUPLICATE_METHOD_MATCH = YES;
				COPY_PHASE_STRIP = NO;
				DEBUG_INFORMATION_FORMAT = "dwarf-with-dsym";
				ENABLE_NS_ASSERTIONS = NO;
				ENABLE_STRICT_OBJC_MSGSEND = YES;
				GCC_C_LANGUAGE_STANDARD = gnu11;
				GCC_NO_COMMON_BLOCKS = YES;
				GCC_WARN_64_TO_32_BIT_CONVERSION = YES;
				GCC_WARN_ABOUT_RETURN_TYPE = YES_ERROR;
				GCC_WARN_UNDECLARED_SELECTOR = YES;
				GCC_WARN_UNINITIALIZED_AUTOS = YES_AGGRESSIVE;
				GCC_WARN_UNUSED_FUNCTION = YES;
				GCC_WARN_UNUSED_VARIABLE = YES;
				IPHONEOS_DEPLOYMENT_TARGET = 16.0;
				MTL_ENABLE_DEBUG_INFO = NO;
				MTL_FAST_MATH = YES;
				SDKROOT = iphoneos;
				SWIFT_COMPILATION_MODE = wholemodule;
				SWIFT_OPTIMIZATION_LEVEL = "-O";
				VALIDATE_PRODUCT = YES;
			};
			name = Release;
		};
		195AD4F1292CFFA0007B3EC0 /* Debug */ = {
			isa = XCBuildConfiguration;
			buildSettings = {
				ASSETCATALOG_COMPILER_APPICON_NAME = AppIcon;
				ASSETCATALOG_COMPILER_GLOBAL_ACCENT_COLOR_NAME = AccentColor;
				CODE_SIGN_STYLE = Automatic;
				CURRENT_PROJECT_VERSION = 1;
				DEVELOPMENT_TEAM = P5S5K3TN6D;
				GENERATE_INFOPLIST_FILE = YES;
				INFOPLIST_FILE = Circulando/Info.plist;
				INFOPLIST_KEY_UIApplicationSupportsIndirectInputEvents = YES;
				INFOPLIST_KEY_UILaunchStoryboardName = LaunchScreen;
				INFOPLIST_KEY_UIMainStoryboardFile = Main;
				INFOPLIST_KEY_UISupportedInterfaceOrientations_iPad = "UIInterfaceOrientationPortrait UIInterfaceOrientationPortraitUpsideDown UIInterfaceOrientationLandscapeLeft UIInterfaceOrientationLandscapeRight";
				INFOPLIST_KEY_UISupportedInterfaceOrientations_iPhone = "UIInterfaceOrientationPortrait UIInterfaceOrientationLandscapeLeft UIInterfaceOrientationLandscapeRight";
				LD_RUNPATH_SEARCH_PATHS = (
					"$(inherited)",
					"@executable_path/Frameworks",
				);
				MARKETING_VERSION = 1.0;
				PRODUCT_BUNDLE_IDENTIFIER = br.edu.ifb.Circulando;
				PRODUCT_NAME = "$(TARGET_NAME)";
				SWIFT_EMIT_LOC_STRINGS = YES;
				SWIFT_VERSION = 5.0;
				TARGETED_DEVICE_FAMILY = "1,2";
			};
			name = Debug;
		};
		195AD4F2292CFFA0007B3EC0 /* Release */ = {
			isa = XCBuildConfiguration;
			buildSettings = {
				ASSETCATALOG_COMPILER_APPICON_NAME = AppIcon;
				ASSETCATALOG_COMPILER_GLOBAL_ACCENT_COLOR_NAME = AccentColor;
				CODE_SIGN_STYLE = Automatic;
				CURRENT_PROJECT_VERSION = 1;
				DEVELOPMENT_TEAM = P5S5K3TN6D;
				GENERATE_INFOPLIST_FILE = YES;
				INFOPLIST_FILE = Circulando/Info.plist;
				INFOPLIST_KEY_UIApplicationSupportsIndirectInputEvents = YES;
				INFOPLIST_KEY_UILaunchStoryboardName = LaunchScreen;
				INFOPLIST_KEY_UIMainStoryboardFile = Main;
				INFOPLIST_KEY_UISupportedInterfaceOrientations_iPad = "UIInterfaceOrientationPortrait UIInterfaceOrientationPortraitUpsideDown UIInterfaceOrientationLandscapeLeft UIInterfaceOrientationLandscapeRight";
				INFOPLIST_KEY_UISupportedInterfaceOrientations_iPhone = "UIInterfaceOrientationPortrait UIInterfaceOrientationLandscapeLeft UIInterfaceOrientationLandscapeRight";
				LD_RUNPATH_SEARCH_PATHS = (
					"$(inherited)",
					"@executable_path/Frameworks",
				);
				MARKETING_VERSION = 1.0;
				PRODUCT_BUNDLE_IDENTIFIER = br.edu.ifb.Circulando;
				PRODUCT_NAME = "$(TARGET_NAME)";
				SWIFT_EMIT_LOC_STRINGS = YES;
				SWIFT_VERSION = 5.0;
				TARGETED_DEVICE_FAMILY = "1,2";
			};
			name = Release;
		};
		195AD4F4292CFFA0007B3EC0 /* Debug */ = {
			isa = XCBuildConfiguration;
			buildSettings = {
				ALWAYS_EMBED_SWIFT_STANDARD_LIBRARIES = YES;
				BUNDLE_LOADER = "$(TEST_HOST)";
				CODE_SIGN_STYLE = Automatic;
				CURRENT_PROJECT_VERSION = 1;
				DEVELOPMENT_TEAM = P5S5K3TN6D;
				GENERATE_INFOPLIST_FILE = YES;
				IPHONEOS_DEPLOYMENT_TARGET = 16.0;
				MARKETING_VERSION = 1.0;
				PRODUCT_BUNDLE_IDENTIFIER = br.edu.ifb.CirculandoTests;
				PRODUCT_NAME = "$(TARGET_NAME)";
				SWIFT_EMIT_LOC_STRINGS = NO;
				SWIFT_VERSION = 5.0;
				TARGETED_DEVICE_FAMILY = "1,2";
				TEST_HOST = "$(BUILT_PRODUCTS_DIR)/Circulando.app/$(BUNDLE_EXECUTABLE_FOLDER_PATH)/Circulando";
			};
			name = Debug;
		};
		195AD4F5292CFFA0007B3EC0 /* Release */ = {
			isa = XCBuildConfiguration;
			buildSettings = {
				ALWAYS_EMBED_SWIFT_STANDARD_LIBRARIES = YES;
				BUNDLE_LOADER = "$(TEST_HOST)";
				CODE_SIGN_STYLE = Automatic;
				CURRENT_PROJECT_VERSION = 1;
				DEVELOPMENT_TEAM = P5S5K3TN6D;
				GENERATE_INFOPLIST_FILE = YES;
				IPHONEOS_DEPLOYMENT_TARGET = 16.0;
				MARKETING_VERSION = 1.0;
				PRODUCT_BUNDLE_IDENTIFIER = br.edu.ifb.CirculandoTests;
				PRODUCT_NAME = "$(TARGET_NAME)";
				SWIFT_EMIT_LOC_STRINGS = NO;
				SWIFT_VERSION = 5.0;
				TARGETED_DEVICE_FAMILY = "1,2";
				TEST_HOST = "$(BUILT_PRODUCTS_DIR)/Circulando.app/$(BUNDLE_EXECUTABLE_FOLDER_PATH)/Circulando";
			};
			name = Release;
		};
		195AD4F7292CFFA0007B3EC0 /* Debug */ = {
			isa = XCBuildConfiguration;
			buildSettings = {
				ALWAYS_EMBED_SWIFT_STANDARD_LIBRARIES = YES;
				CODE_SIGN_STYLE = Automatic;
				CURRENT_PROJECT_VERSION = 1;
				DEVELOPMENT_TEAM = P5S5K3TN6D;
				GENERATE_INFOPLIST_FILE = YES;
				MARKETING_VERSION = 1.0;
				PRODUCT_BUNDLE_IDENTIFIER = br.edu.ifb.CirculandoUITests;
				PRODUCT_NAME = "$(TARGET_NAME)";
				SWIFT_EMIT_LOC_STRINGS = NO;
				SWIFT_VERSION = 5.0;
				TARGETED_DEVICE_FAMILY = "1,2";
				TEST_TARGET_NAME = Circulando;
			};
			name = Debug;
		};
		195AD4F8292CFFA0007B3EC0 /* Release */ = {
			isa = XCBuildConfiguration;
			buildSettings = {
				ALWAYS_EMBED_SWIFT_STANDARD_LIBRARIES = YES;
				CODE_SIGN_STYLE = Automatic;
				CURRENT_PROJECT_VERSION = 1;
				DEVELOPMENT_TEAM = P5S5K3TN6D;
				GENERATE_INFOPLIST_FILE = YES;
				MARKETING_VERSION = 1.0;
				PRODUCT_BUNDLE_IDENTIFIER = br.edu.ifb.CirculandoUITests;
				PRODUCT_NAME = "$(TARGET_NAME)";
				SWIFT_EMIT_LOC_STRINGS = NO;
				SWIFT_VERSION = 5.0;
				TARGETED_DEVICE_FAMILY = "1,2";
				TEST_TARGET_NAME = Circulando;
			};
			name = Release;
		};
/* End XCBuildConfiguration section */

/* Begin XCConfigurationList section */
		195AD4BE292CFF9D007B3EC0 /* Build configuration list for PBXProject "Circulando" */ = {
			isa = XCConfigurationList;
			buildConfigurations = (
				195AD4EE292CFFA0007B3EC0 /* Debug */,
				195AD4EF292CFFA0007B3EC0 /* Release */,
			);
			defaultConfigurationIsVisible = 0;
			defaultConfigurationName = Release;
		};
		195AD4F0292CFFA0007B3EC0 /* Build configuration list for PBXNativeTarget "Circulando" */ = {
			isa = XCConfigurationList;
			buildConfigurations = (
				195AD4F1292CFFA0007B3EC0 /* Debug */,
				195AD4F2292CFFA0007B3EC0 /* Release */,
			);
			defaultConfigurationIsVisible = 0;
			defaultConfigurationName = Release;
		};
		195AD4F3292CFFA0007B3EC0 /* Build configuration list for PBXNativeTarget "CirculandoTests" */ = {
			isa = XCConfigurationList;
			buildConfigurations = (
				195AD4F4292CFFA0007B3EC0 /* Debug */,
				195AD4F5292CFFA0007B3EC0 /* Release */,
			);
			defaultConfigurationIsVisible = 0;
			defaultConfigurationName = Release;
		};
		195AD4F6292CFFA0007B3EC0 /* Build configuration list for PBXNativeTarget "CirculandoUITests" */ = {
			isa = XCConfigurationList;
			buildConfigurations = (
				195AD4F7292CFFA0007B3EC0 /* Debug */,
				195AD4F8292CFFA0007B3EC0 /* Release */,
			);
			defaultConfigurationIsVisible = 0;
			defaultConfigurationName = Release;
		};
/* End XCConfigurationList section */

/* Begin XCVersionGroup section */
		195AD4CF292CFF9D007B3EC0 /* Circulando.xcdatamodeld */ = {
			isa = XCVersionGroup;
			children = (
				195AD4D0292CFF9D007B3EC0 /* Circulando.xcdatamodel */,
			);
			currentVersion = 195AD4D0292CFF9D007B3EC0 /* Circulando.xcdatamodel */;
			path = Circulando.xcdatamodeld;
			sourceTree = "<group>";
			versionGroupType = wrapper.xcdatamodel;
		};
/* End XCVersionGroup section */
	};
	rootObject = 195AD4BB292CFF9D007B3EC0 /* Project object */;
}
